
Microsoft Visual Studio Solution File, Format Version 12.00
# Visual Studio 2012
Project("{8BC9CEB8-8B4A-11D0-8D11-00A0C91BC942}") = "prims algorithm", "prims algorithm\prims algorithm.vcxproj", "{24B79811-4ACC-45FE-808E-C10EEA6AC3AC}"
EndProject
Global
	GlobalSection(SolutionConfigurationPlatforms) = preSolution
		Debug|Win32 = Debug|Win32
		Release|Win32 = Release|Win32
	EndGlobalSection
	GlobalSection(ProjectConfigurationPlatforms) = postSolution
		{24B79811-4ACC-45FE-808E-C10EEA6AC3AC}.Debug|Win32.ActiveCfg = Debug|Win32
		{24B79811-4ACC-45FE-808E-C10EEA6AC3AC}.Debug|Win32.Build.0 = Debug|Win32
		{24B79811-4ACC-45FE-808E-C10EEA6AC3AC}.Release|Win32.ActiveCfg = Release|Win32
		{24B79811-4ACC-45FE-808E-C10EEA6AC3AC}.Release|Win32.Build.0 = Release|Win32
	EndGlobalSection
	GlobalSection(SolutionProperties) = preSolution
		HideSolutionNode = FALSE
	EndGlobalSection
EndGlobal
